
Microsoft Visual Studio Solution File, Format Version 12.00
# Visual Studio Version 16
VisualStudioVersion = 16.0.29102.190
MinimumVisualStudioVersion = 10.0.40219.1
Project("{FAE04EC0-301F-11D3-BF4B-00C04F79EFBC}") = "Space", "Space.csproj", "{A406E4CF-A689-4C8E-B687-B849A44B7A3F}"
EndProject
Project("{FAE04EC0-301F-11D3-BF4B-00C04F79EFBC}") = "Space.Model", "Space.Model\Space.Model.csproj", "{303CAA98-4F36-44DD-88AA-C2BFADFDBDBB}"
EndProject
Project("{FAE04EC0-301F-11D3-BF4B-00C04F79EFBC}") = "Space.Common", "Space.Common\Space.Common.csproj", "{427F608F-6FEB-495F-945F-3B189755BC2D}"
EndProject
Project("{FAE04EC0-301F-11D3-BF4B-00C04F79EFBC}") = "Space.DataAccess", "Space.DataAccess\Space.DataAccess.csproj", "{17F4904B-C471-4D45-8433-719D8824782B}"
EndProject
Project("{FAE04EC0-301F-11D3-BF4B-00C04F79EFBC}") = "Space.BusinessLogic", "Space.BusinessLogic\Space.BusinessLogic.csproj", "{4428A233-B766-4D70-810E-02DC36EE2ADA}"
EndProject
Global
	GlobalSection(SolutionConfigurationPlatforms) = preSolution
		Debug|Any CPU = Debug|Any CPU
		Release|Any CPU = Release|Any CPU
	EndGlobalSection
	GlobalSection(ProjectConfigurationPlatforms) = postSolution
		{A406E4CF-A689-4C8E-B687-B849A44B7A3F}.Debug|Any CPU.ActiveCfg = Debug|Any CPU
		{A406E4CF-A689-4C8E-B687-B849A44B7A3F}.Debug|Any CPU.Build.0 = Debug|Any CPU
		{A406E4CF-A689-4C8E-B687-B849A44B7A3F}.Release|Any CPU.ActiveCfg = Release|Any CPU
		{A406E4CF-A689-4C8E-B687-B849A44B7A3F}.Release|Any CPU.Build.0 = Release|Any CPU
		{303CAA98-4F36-44DD-88AA-C2BFADFDBDBB}.Debug|Any CPU.ActiveCfg = Debug|Any CPU
		{303CAA98-4F36-44DD-88AA-C2BFADFDBDBB}.Debug|Any CPU.Build.0 = Debug|Any CPU
		{303CAA98-4F36-44DD-88AA-C2BFADFDBDBB}.Release|Any CPU.ActiveCfg = Release|Any CPU
		{303CAA98-4F36-44DD-88AA-C2BFADFDBDBB}.Release|Any CPU.Build.0 = Release|Any CPU
		{427F608F-6FEB-495F-945F-3B189755BC2D}.Debug|Any CPU.ActiveCfg = Debug|Any CPU
		{427F608F-6FEB-495F-945F-3B189755BC2D}.Debug|Any CPU.Build.0 = Debug|Any CPU
		{427F608F-6FEB-495F-945F-3B189755BC2D}.Release|Any CPU.ActiveCfg = Release|Any CPU
		{427F608F-6FEB-495F-945F-3B189755BC2D}.Release|Any CPU.Build.0 = Release|Any CPU
		{17F4904B-C471-4D45-8433-719D8824782B}.Debug|Any CPU.ActiveCfg = Debug|Any CPU
		{17F4904B-C471-4D45-8433-719D8824782B}.Debug|Any CPU.Build.0 = Debug|Any CPU
		{17F4904B-C471-4D45-8433-719D8824782B}.Release|Any CPU.ActiveCfg = Release|Any CPU
		{17F4904B-C471-4D45-8433-719D8824782B}.Release|Any CPU.Build.0 = Release|Any CPU
		{4428A233-B766-4D70-810E-02DC36EE2ADA}.Debug|Any CPU.ActiveCfg = Debug|Any CPU
		{4428A233-B766-4D70-810E-02DC36EE2ADA}.Debug|Any CPU.Build.0 = Debug|Any CPU
		{4428A233-B766-4D70-810E-02DC36EE2ADA}.Release|Any CPU.ActiveCfg = Release|Any CPU
		{4428A233-B766-4D70-810E-02DC36EE2ADA}.Release|Any CPU.Build.0 = Release|Any CPU
	EndGlobalSection
	GlobalSection(SolutionProperties) = preSolution
		HideSolutionNode = FALSE
	EndGlobalSection
	GlobalSection(ExtensibilityGlobals) = postSolution
		SolutionGuid = {81F5F75B-14E5-4CDE-820C-0B333F9CF0BA}
	EndGlobalSection
EndGlobal
